
Microsoft Visual Studio Solution File, Format Version 12.00
Project("{FAE04EC0-301F-11D3-BF4B-00C04F79EFBC}") = "CollegeNetworkBackend", "..\CollegeNetworkBackend\CollegeNetworkBackend.csproj", "{C5FA002A-6316-49C3-B0D3-4ABD3B4D926F}"
EndProject
Project("{FAE04EC0-301F-11D3-BF4B-00C04F79EFBC}") = "CollegeNetwork.tests", "CollegeNetwork.tests\CollegeNetwork.tests.csproj", "{4BD8F1AA-0B69-4D86-8647-D9F42A8CC585}"
EndProject
Global
	GlobalSection(SolutionConfigurationPlatforms) = preSolution
		Debug|Any CPU = Debug|Any CPU
		Release|Any CPU = Release|Any CPU
	EndGlobalSection
	GlobalSection(ProjectConfigurationPlatforms) = postSolution
		{C5FA002A-6316-49C3-B0D3-4ABD3B4D926F}.Debug|Any CPU.ActiveCfg = Debug|Any CPU
		{C5FA002A-6316-49C3-B0D3-4ABD3B4D926F}.Debug|Any CPU.Build.0 = Debug|Any CPU
		{C5FA002A-6316-49C3-B0D3-4ABD3B4D926F}.Release|Any CPU.ActiveCfg = Release|Any CPU
		{C5FA002A-6316-49C3-B0D3-4ABD3B4D926F}.Release|Any CPU.Build.0 = Release|Any CPU
		{4BD8F1AA-0B69-4D86-8647-D9F42A8CC585}.Debug|Any CPU.ActiveCfg = Debug|Any CPU
		{4BD8F1AA-0B69-4D86-8647-D9F42A8CC585}.Debug|Any CPU.Build.0 = Debug|Any CPU
		{4BD8F1AA-0B69-4D86-8647-D9F42A8CC585}.Release|Any CPU.ActiveCfg = Release|Any CPU
		{4BD8F1AA-0B69-4D86-8647-D9F42A8CC585}.Release|Any CPU.Build.0 = Release|Any CPU
	EndGlobalSection
EndGlobal
